
Microsoft Visual Studio Solution File, Format Version 12.00
# Visual Studio Version 16
VisualStudioVersion = 16.0.31729.503
MinimumVisualStudioVersion = 10.0.40219.1
Project("{FAE04EC0-301F-11D3-BF4B-00C04F79EFBC}") = "BattleStats", "BattleStats\BattleStats.csproj", "{D7C0CC76-3D94-4CD2-86D4-E3EADD3BA913}"
EndProject
Global
	GlobalSection(SolutionConfigurationPlatforms) = preSolution
		Debug|Any CPU = Debug|Any CPU
		Release|Any CPU = Release|Any CPU
	EndGlobalSection
	GlobalSection(ProjectConfigurationPlatforms) = postSolution
		{D7C0CC76-3D94-4CD2-86D4-E3EADD3BA913}.Debug|Any CPU.ActiveCfg = Debug|Any CPU
		{D7C0CC76-3D94-4CD2-86D4-E3EADD3BA913}.Debug|Any CPU.Build.0 = Debug|Any CPU
		{D7C0CC76-3D94-4CD2-86D4-E3EADD3BA913}.Release|Any CPU.ActiveCfg = Release|Any CPU
		{D7C0CC76-3D94-4CD2-86D4-E3EADD3BA913}.Release|Any CPU.Build.0 = Release|Any CPU
	EndGlobalSection
	GlobalSection(SolutionProperties) = preSolution
		HideSolutionNode = FALSE
	EndGlobalSection
	GlobalSection(ExtensibilityGlobals) = postSolution
		SolutionGuid = {537D2459-CB1C-415D-9D9D-2A8FB5DCB0D5}
	EndGlobalSection
EndGlobal
